
Microsoft Visual Studio Solution File, Format Version 12.00
# Visual Studio 2012
Project("{FAE04EC0-301F-11D3-BF4B-00C04F79EFBC}") = "SMT.Networking", "SMT.Networking\SMT.Networking.csproj", "{B2322749-B23B-46F0-98DD-D29C03EBFBBA}"
EndProject
Project("{FAE04EC0-301F-11D3-BF4B-00C04F79EFBC}") = "SMT.Utilities.Sql", "SMT.Utilities.Sql\SMT.Utilities.Sql.csproj", "{897B5EC0-2FDE-46DF-9D62-C4A92661D18A}"
EndProject
Project("{FAE04EC0-301F-11D3-BF4B-00C04F79EFBC}") = "SMT.Utilities.InputEvents", "SMT.Utilities.InputEvents\SMT.Utilities.InputEvents.csproj", "{B74D090F-0C31-4F12-8DEC-4768009BD833}"
EndProject
Project("{FAE04EC0-301F-11D3-BF4B-00C04F79EFBC}") = "SMT.Utilities.Configuration", "SMT.Utilities.Configuration\SMT.Utilities.Configuration.csproj", "{906AA950-A547-4061-A64A-2A5181B01FED}"
EndProject
Project("{FAE04EC0-301F-11D3-BF4B-00C04F79EFBC}") = "App.TestingGrounds", "App.TestingGrounds\App.TestingGrounds.csproj", "{F919DF5A-99F3-4602-B920-862013FFA032}"
EndProject
Project("{FAE04EC0-301F-11D3-BF4B-00C04F79EFBC}") = "SMT.Utilities.FogBugz", "SMT.Utilities.FogBugz\SMT.Utilities.FogBugz.csproj", "{156009EF-E188-4505-8BFA-822C2EE22E64}"
EndProject
Global
	GlobalSection(SolutionConfigurationPlatforms) = preSolution
		Debug|Any CPU = Debug|Any CPU
		Release|Any CPU = Release|Any CPU
	EndGlobalSection
	GlobalSection(ProjectConfigurationPlatforms) = postSolution
		{B2322749-B23B-46F0-98DD-D29C03EBFBBA}.Debug|Any CPU.ActiveCfg = Debug|Any CPU
		{B2322749-B23B-46F0-98DD-D29C03EBFBBA}.Debug|Any CPU.Build.0 = Debug|Any CPU
		{B2322749-B23B-46F0-98DD-D29C03EBFBBA}.Release|Any CPU.ActiveCfg = Release|Any CPU
		{B2322749-B23B-46F0-98DD-D29C03EBFBBA}.Release|Any CPU.Build.0 = Release|Any CPU
		{897B5EC0-2FDE-46DF-9D62-C4A92661D18A}.Debug|Any CPU.ActiveCfg = Debug|Any CPU
		{897B5EC0-2FDE-46DF-9D62-C4A92661D18A}.Debug|Any CPU.Build.0 = Debug|Any CPU
		{897B5EC0-2FDE-46DF-9D62-C4A92661D18A}.Release|Any CPU.ActiveCfg = Release|Any CPU
		{897B5EC0-2FDE-46DF-9D62-C4A92661D18A}.Release|Any CPU.Build.0 = Release|Any CPU
		{B74D090F-0C31-4F12-8DEC-4768009BD833}.Debug|Any CPU.ActiveCfg = Debug|Any CPU
		{B74D090F-0C31-4F12-8DEC-4768009BD833}.Debug|Any CPU.Build.0 = Debug|Any CPU
		{B74D090F-0C31-4F12-8DEC-4768009BD833}.Release|Any CPU.ActiveCfg = Release|Any CPU
		{B74D090F-0C31-4F12-8DEC-4768009BD833}.Release|Any CPU.Build.0 = Release|Any CPU
		{906AA950-A547-4061-A64A-2A5181B01FED}.Debug|Any CPU.ActiveCfg = Debug|Any CPU
		{906AA950-A547-4061-A64A-2A5181B01FED}.Debug|Any CPU.Build.0 = Debug|Any CPU
		{906AA950-A547-4061-A64A-2A5181B01FED}.Release|Any CPU.ActiveCfg = Release|Any CPU
		{906AA950-A547-4061-A64A-2A5181B01FED}.Release|Any CPU.Build.0 = Release|Any CPU
		{F919DF5A-99F3-4602-B920-862013FFA032}.Debug|Any CPU.ActiveCfg = Debug|Any CPU
		{F919DF5A-99F3-4602-B920-862013FFA032}.Debug|Any CPU.Build.0 = Debug|Any CPU
		{F919DF5A-99F3-4602-B920-862013FFA032}.Release|Any CPU.ActiveCfg = Release|Any CPU
		{F919DF5A-99F3-4602-B920-862013FFA032}.Release|Any CPU.Build.0 = Release|Any CPU
		{156009EF-E188-4505-8BFA-822C2EE22E64}.Debug|Any CPU.ActiveCfg = Debug|Any CPU
		{156009EF-E188-4505-8BFA-822C2EE22E64}.Debug|Any CPU.Build.0 = Debug|Any CPU
		{156009EF-E188-4505-8BFA-822C2EE22E64}.Release|Any CPU.ActiveCfg = Release|Any CPU
		{156009EF-E188-4505-8BFA-822C2EE22E64}.Release|Any CPU.Build.0 = Release|Any CPU
	EndGlobalSection
	GlobalSection(SolutionProperties) = preSolution
		HideSolutionNode = FALSE
	EndGlobalSection
EndGlobal
