
Microsoft Visual Studio Solution File, Format Version 12.00
# Visual Studio 15
VisualStudioVersion = 15.0.26430.6
MinimumVisualStudioVersion = 10.0.40219.1
Project("{FAE04EC0-301F-11D3-BF4B-00C04F79EFBC}") = "SMT.Utilities.Tracing.Core", "SMT.Utilities.Tracing.Core\SMT.Utilities.Tracing.Core.csproj", "{C06208AA-AC4C-4A78-BB0B-8AA87B6C74B0}"
EndProject
Project("{FAE04EC0-301F-11D3-BF4B-00C04F79EFBC}") = "SMT.Utilities.Tracing.OwinContext", "SMT.Utilities.Tracing.OwinContext\SMT.Utilities.Tracing.OwinContext.csproj", "{13F3E08D-3DF3-44CC-98E1-76E8B9F6E6CE}"
EndProject
Project("{FAE04EC0-301F-11D3-BF4B-00C04F79EFBC}") = "SMT.Utilities.Tracing.HttpClient", "SMT.Utilities.Tracing.HttpClient\SMT.Utilities.Tracing.HttpClient.csproj", "{7BABCD9C-D2C1-4192-9887-AFCDD103C6F0}"
EndProject
Global
	GlobalSection(SolutionConfigurationPlatforms) = preSolution
		Debug|Any CPU = Debug|Any CPU
		Release|Any CPU = Release|Any CPU
	EndGlobalSection
	GlobalSection(ProjectConfigurationPlatforms) = postSolution
		{C06208AA-AC4C-4A78-BB0B-8AA87B6C74B0}.Debug|Any CPU.ActiveCfg = Debug|Any CPU
		{C06208AA-AC4C-4A78-BB0B-8AA87B6C74B0}.Debug|Any CPU.Build.0 = Debug|Any CPU
		{C06208AA-AC4C-4A78-BB0B-8AA87B6C74B0}.Release|Any CPU.ActiveCfg = Release|Any CPU
		{C06208AA-AC4C-4A78-BB0B-8AA87B6C74B0}.Release|Any CPU.Build.0 = Release|Any CPU
		{13F3E08D-3DF3-44CC-98E1-76E8B9F6E6CE}.Debug|Any CPU.ActiveCfg = Debug|Any CPU
		{13F3E08D-3DF3-44CC-98E1-76E8B9F6E6CE}.Debug|Any CPU.Build.0 = Debug|Any CPU
		{13F3E08D-3DF3-44CC-98E1-76E8B9F6E6CE}.Release|Any CPU.ActiveCfg = Release|Any CPU
		{13F3E08D-3DF3-44CC-98E1-76E8B9F6E6CE}.Release|Any CPU.Build.0 = Release|Any CPU
		{7BABCD9C-D2C1-4192-9887-AFCDD103C6F0}.Debug|Any CPU.ActiveCfg = Debug|Any CPU
		{7BABCD9C-D2C1-4192-9887-AFCDD103C6F0}.Debug|Any CPU.Build.0 = Debug|Any CPU
		{7BABCD9C-D2C1-4192-9887-AFCDD103C6F0}.Release|Any CPU.ActiveCfg = Release|Any CPU
		{7BABCD9C-D2C1-4192-9887-AFCDD103C6F0}.Release|Any CPU.Build.0 = Release|Any CPU
	EndGlobalSection
	GlobalSection(SolutionProperties) = preSolution
		HideSolutionNode = FALSE
	EndGlobalSection
EndGlobal
